
Microsoft Visual Studio Solution File, Format Version 12.00
# Visual Studio Version 16
VisualStudioVersion = 16.0.28922.388
MinimumVisualStudioVersion = 10.0.40219.1
Project("{FAE04EC0-301F-11D3-BF4B-00C04F79EFBC}") = "JJMM_Music", "JJMM_Music.csproj", "{9651C8DF-E585-4232-8E98-695A6ABE1930}"
EndProject
Global
	GlobalSection(SolutionConfigurationPlatforms) = preSolution
		Debug|Any CPU = Debug|Any CPU
		Release|Any CPU = Release|Any CPU
	EndGlobalSection
	GlobalSection(ProjectConfigurationPlatforms) = postSolution
		{9651C8DF-E585-4232-8E98-695A6ABE1930}.Debug|Any CPU.ActiveCfg = Debug|Any CPU
		{9651C8DF-E585-4232-8E98-695A6ABE1930}.Debug|Any CPU.Build.0 = Debug|Any CPU
		{9651C8DF-E585-4232-8E98-695A6ABE1930}.Release|Any CPU.ActiveCfg = Release|Any CPU
		{9651C8DF-E585-4232-8E98-695A6ABE1930}.Release|Any CPU.Build.0 = Release|Any CPU
	EndGlobalSection
	GlobalSection(SolutionProperties) = preSolution
		HideSolutionNode = FALSE
	EndGlobalSection
	GlobalSection(ExtensibilityGlobals) = postSolution
		SolutionGuid = {A40556B1-6B18-4A73-BE2D-CF93FC23EA3C}
	EndGlobalSection
EndGlobal
